
Microsoft Visual Studio Solution File, Format Version 12.00
# Visual Studio Version 17
VisualStudioVersion = 17.6.33829.357
MinimumVisualStudioVersion = 10.0.40219.1
Project("{FAE04EC0-301F-11D3-BF4B-00C04F79EFBC}") = "12_Reverse", "12_Reverse\12_Reverse.csproj", "{EE0056E2-279F-4498-A818-6167FC5A98F3}"
EndProject
Global
	GlobalSection(SolutionConfigurationPlatforms) = preSolution
		Debug|Any CPU = Debug|Any CPU
		Release|Any CPU = Release|Any CPU
	EndGlobalSection
	GlobalSection(ProjectConfigurationPlatforms) = postSolution
		{EE0056E2-279F-4498-A818-6167FC5A98F3}.Debug|Any CPU.ActiveCfg = Debug|Any CPU
		{EE0056E2-279F-4498-A818-6167FC5A98F3}.Debug|Any CPU.Build.0 = Debug|Any CPU
		{EE0056E2-279F-4498-A818-6167FC5A98F3}.Release|Any CPU.ActiveCfg = Release|Any CPU
		{EE0056E2-279F-4498-A818-6167FC5A98F3}.Release|Any CPU.Build.0 = Release|Any CPU
	EndGlobalSection
	GlobalSection(SolutionProperties) = preSolution
		HideSolutionNode = FALSE
	EndGlobalSection
	GlobalSection(ExtensibilityGlobals) = postSolution
		SolutionGuid = {26375E10-A317-4318-BD24-3D89239BD89A}
	EndGlobalSection
EndGlobal
