
Microsoft Visual Studio Solution File, Format Version 12.00
# Visual Studio Version 17
VisualStudioVersion = 17.7.34031.279
MinimumVisualStudioVersion = 10.0.40219.1
Project("{FAE04EC0-301F-11D3-BF4B-00C04F79EFBC}") = "APIpractice", "APIpractice\APIpractice.csproj", "{90CBBD93-3AE2-453C-937C-1D945D29406F}"
EndProject
Global
	GlobalSection(SolutionConfigurationPlatforms) = preSolution
		Debug|Any CPU = Debug|Any CPU
		Release|Any CPU = Release|Any CPU
	EndGlobalSection
	GlobalSection(ProjectConfigurationPlatforms) = postSolution
		{90CBBD93-3AE2-453C-937C-1D945D29406F}.Debug|Any CPU.ActiveCfg = Debug|Any CPU
		{90CBBD93-3AE2-453C-937C-1D945D29406F}.Debug|Any CPU.Build.0 = Debug|Any CPU
		{90CBBD93-3AE2-453C-937C-1D945D29406F}.Release|Any CPU.ActiveCfg = Release|Any CPU
		{90CBBD93-3AE2-453C-937C-1D945D29406F}.Release|Any CPU.Build.0 = Release|Any CPU
	EndGlobalSection
	GlobalSection(SolutionProperties) = preSolution
		HideSolutionNode = FALSE
	EndGlobalSection
	GlobalSection(ExtensibilityGlobals) = postSolution
		SolutionGuid = {9B7CD943-6678-4262-B257-D3D8AECE1BEF}
	EndGlobalSection
EndGlobal
