
Microsoft Visual Studio Solution File, Format Version 12.00
# Visual Studio Version 17
VisualStudioVersion = 17.7.34221.43
MinimumVisualStudioVersion = 10.0.40219.1
Project("{FAE04EC0-301F-11D3-BF4B-00C04F79EFBC}") = "10_DoWhile", "10_DoWhile\10_DoWhile.csproj", "{76995A2F-3645-4E37-9883-96A7685A220B}"
EndProject
Global
	GlobalSection(SolutionConfigurationPlatforms) = preSolution
		Debug|Any CPU = Debug|Any CPU
		Release|Any CPU = Release|Any CPU
	EndGlobalSection
	GlobalSection(ProjectConfigurationPlatforms) = postSolution
		{76995A2F-3645-4E37-9883-96A7685A220B}.Debug|Any CPU.ActiveCfg = Debug|Any CPU
		{76995A2F-3645-4E37-9883-96A7685A220B}.Debug|Any CPU.Build.0 = Debug|Any CPU
		{76995A2F-3645-4E37-9883-96A7685A220B}.Release|Any CPU.ActiveCfg = Release|Any CPU
		{76995A2F-3645-4E37-9883-96A7685A220B}.Release|Any CPU.Build.0 = Release|Any CPU
	EndGlobalSection
	GlobalSection(SolutionProperties) = preSolution
		HideSolutionNode = FALSE
	EndGlobalSection
	GlobalSection(ExtensibilityGlobals) = postSolution
		SolutionGuid = {B2E6523F-314B-409D-847A-1D95FED5E2A1}
	EndGlobalSection
EndGlobal
