
Microsoft Visual Studio Solution File, Format Version 12.00
# Visual Studio Version 17
VisualStudioVersion = 17.6.33829.357
MinimumVisualStudioVersion = 10.0.40219.1
Project("{FAE04EC0-301F-11D3-BF4B-00C04F79EFBC}") = "2_Stack", "2_Stack\2_Stack.csproj", "{F59B9755-0DDB-4574-A54A-A7E6E7409E47}"
EndProject
Global
	GlobalSection(SolutionConfigurationPlatforms) = preSolution
		Debug|Any CPU = Debug|Any CPU
		Release|Any CPU = Release|Any CPU
	EndGlobalSection
	GlobalSection(ProjectConfigurationPlatforms) = postSolution
		{F59B9755-0DDB-4574-A54A-A7E6E7409E47}.Debug|Any CPU.ActiveCfg = Debug|Any CPU
		{F59B9755-0DDB-4574-A54A-A7E6E7409E47}.Debug|Any CPU.Build.0 = Debug|Any CPU
		{F59B9755-0DDB-4574-A54A-A7E6E7409E47}.Release|Any CPU.ActiveCfg = Release|Any CPU
		{F59B9755-0DDB-4574-A54A-A7E6E7409E47}.Release|Any CPU.Build.0 = Release|Any CPU
	EndGlobalSection
	GlobalSection(SolutionProperties) = preSolution
		HideSolutionNode = FALSE
	EndGlobalSection
	GlobalSection(ExtensibilityGlobals) = postSolution
		SolutionGuid = {18A82BAD-30B7-4B20-BB78-6CCED98BF675}
	EndGlobalSection
EndGlobal
