
Microsoft Visual Studio Solution File, Format Version 12.00
# Visual Studio Version 17
VisualStudioVersion = 17.6.33829.357
MinimumVisualStudioVersion = 10.0.40219.1
Project("{FAE04EC0-301F-11D3-BF4B-00C04F79EFBC}") = "4_ConditionalStatement", "4_ConditionalStatement\4_ConditionalStatement.csproj", "{F2B693DE-B13D-4E94-B1AB-5C4306AC4EF3}"
EndProject
Global
	GlobalSection(SolutionConfigurationPlatforms) = preSolution
		Debug|Any CPU = Debug|Any CPU
		Release|Any CPU = Release|Any CPU
	EndGlobalSection
	GlobalSection(ProjectConfigurationPlatforms) = postSolution
		{F2B693DE-B13D-4E94-B1AB-5C4306AC4EF3}.Debug|Any CPU.ActiveCfg = Debug|Any CPU
		{F2B693DE-B13D-4E94-B1AB-5C4306AC4EF3}.Debug|Any CPU.Build.0 = Debug|Any CPU
		{F2B693DE-B13D-4E94-B1AB-5C4306AC4EF3}.Release|Any CPU.ActiveCfg = Release|Any CPU
		{F2B693DE-B13D-4E94-B1AB-5C4306AC4EF3}.Release|Any CPU.Build.0 = Release|Any CPU
	EndGlobalSection
	GlobalSection(SolutionProperties) = preSolution
		HideSolutionNode = FALSE
	EndGlobalSection
	GlobalSection(ExtensibilityGlobals) = postSolution
		SolutionGuid = {E22AD7A9-066F-461C-9509-95947C79C182}
	EndGlobalSection
EndGlobal
