
Microsoft Visual Studio Solution File, Format Version 12.00
# Visual Studio Version 17
VisualStudioVersion = 17.7.34031.279
MinimumVisualStudioVersion = 10.0.40219.1
Project("{FAE04EC0-301F-11D3-BF4B-00C04F79EFBC}") = "apiPractice1", "apiPractice1\apiPractice1.csproj", "{F672AE77-FFA0-49BC-8330-71877F3CBC99}"
EndProject
Project("{FAE04EC0-301F-11D3-BF4B-00C04F79EFBC}") = "without3rdParty", "without3rdParty\without3rdParty.csproj", "{66B3D170-22DC-4B0B-BE6D-A54AF85EB201}"
EndProject
Global
	GlobalSection(SolutionConfigurationPlatforms) = preSolution
		Debug|Any CPU = Debug|Any CPU
		Release|Any CPU = Release|Any CPU
	EndGlobalSection
	GlobalSection(ProjectConfigurationPlatforms) = postSolution
		{F672AE77-FFA0-49BC-8330-71877F3CBC99}.Debug|Any CPU.ActiveCfg = Debug|Any CPU
		{F672AE77-FFA0-49BC-8330-71877F3CBC99}.Debug|Any CPU.Build.0 = Debug|Any CPU
		{F672AE77-FFA0-49BC-8330-71877F3CBC99}.Release|Any CPU.ActiveCfg = Release|Any CPU
		{F672AE77-FFA0-49BC-8330-71877F3CBC99}.Release|Any CPU.Build.0 = Release|Any CPU
		{66B3D170-22DC-4B0B-BE6D-A54AF85EB201}.Debug|Any CPU.ActiveCfg = Debug|Any CPU
		{66B3D170-22DC-4B0B-BE6D-A54AF85EB201}.Debug|Any CPU.Build.0 = Debug|Any CPU
		{66B3D170-22DC-4B0B-BE6D-A54AF85EB201}.Release|Any CPU.ActiveCfg = Release|Any CPU
		{66B3D170-22DC-4B0B-BE6D-A54AF85EB201}.Release|Any CPU.Build.0 = Release|Any CPU
	EndGlobalSection
	GlobalSection(SolutionProperties) = preSolution
		HideSolutionNode = FALSE
	EndGlobalSection
	GlobalSection(ExtensibilityGlobals) = postSolution
		SolutionGuid = {B45A1AA3-F1F8-41B5-A1DF-27CAE0C27355}
	EndGlobalSection
EndGlobal
