
Microsoft Visual Studio Solution File, Format Version 12.00
# Visual Studio Version 17
VisualStudioVersion = 17.6.33829.357
MinimumVisualStudioVersion = 10.0.40219.1
Project("{FAE04EC0-301F-11D3-BF4B-00C04F79EFBC}") = "3_PropertiesGetSet", "3_PropertiesGetSet\3_PropertiesGetSet.csproj", "{99AEFE69-F0F0-445A-B215-1C52AF85555C}"
EndProject
Global
	GlobalSection(SolutionConfigurationPlatforms) = preSolution
		Debug|Any CPU = Debug|Any CPU
		Release|Any CPU = Release|Any CPU
	EndGlobalSection
	GlobalSection(ProjectConfigurationPlatforms) = postSolution
		{99AEFE69-F0F0-445A-B215-1C52AF85555C}.Debug|Any CPU.ActiveCfg = Debug|Any CPU
		{99AEFE69-F0F0-445A-B215-1C52AF85555C}.Debug|Any CPU.Build.0 = Debug|Any CPU
		{99AEFE69-F0F0-445A-B215-1C52AF85555C}.Release|Any CPU.ActiveCfg = Release|Any CPU
		{99AEFE69-F0F0-445A-B215-1C52AF85555C}.Release|Any CPU.Build.0 = Release|Any CPU
	EndGlobalSection
	GlobalSection(SolutionProperties) = preSolution
		HideSolutionNode = FALSE
	EndGlobalSection
	GlobalSection(ExtensibilityGlobals) = postSolution
		SolutionGuid = {41B1D616-04E0-4DAB-878C-55B8B096C1E3}
	EndGlobalSection
EndGlobal
