
Microsoft Visual Studio Solution File, Format Version 12.00
# Visual Studio Version 17
VisualStudioVersion = 17.7.34031.279
MinimumVisualStudioVersion = 10.0.40219.1
Project("{FAE04EC0-301F-11D3-BF4B-00C04F79EFBC}") = "ADOinsert", "ADOinsert\ADOinsert.csproj", "{415ED854-D36B-4846-9D0B-07A88DCF2DC1}"
EndProject
Global
	GlobalSection(SolutionConfigurationPlatforms) = preSolution
		Debug|Any CPU = Debug|Any CPU
		Release|Any CPU = Release|Any CPU
	EndGlobalSection
	GlobalSection(ProjectConfigurationPlatforms) = postSolution
		{415ED854-D36B-4846-9D0B-07A88DCF2DC1}.Debug|Any CPU.ActiveCfg = Debug|Any CPU
		{415ED854-D36B-4846-9D0B-07A88DCF2DC1}.Debug|Any CPU.Build.0 = Debug|Any CPU
		{415ED854-D36B-4846-9D0B-07A88DCF2DC1}.Release|Any CPU.ActiveCfg = Release|Any CPU
		{415ED854-D36B-4846-9D0B-07A88DCF2DC1}.Release|Any CPU.Build.0 = Release|Any CPU
	EndGlobalSection
	GlobalSection(SolutionProperties) = preSolution
		HideSolutionNode = FALSE
	EndGlobalSection
	GlobalSection(ExtensibilityGlobals) = postSolution
		SolutionGuid = {2747692C-9882-467D-B5DA-8CA887E541C9}
	EndGlobalSection
EndGlobal
