
Microsoft Visual Studio Solution File, Format Version 12.00
# Visual Studio Version 17
VisualStudioVersion = 17.6.33829.357
MinimumVisualStudioVersion = 10.0.40219.1
Project("{FAE04EC0-301F-11D3-BF4B-00C04F79EFBC}") = "7_Swapping", "7_Swapping\7_Swapping.csproj", "{561262E9-C11E-417E-BC51-A38D371BFA78}"
EndProject
Global
	GlobalSection(SolutionConfigurationPlatforms) = preSolution
		Debug|Any CPU = Debug|Any CPU
		Release|Any CPU = Release|Any CPU
	EndGlobalSection
	GlobalSection(ProjectConfigurationPlatforms) = postSolution
		{561262E9-C11E-417E-BC51-A38D371BFA78}.Debug|Any CPU.ActiveCfg = Debug|Any CPU
		{561262E9-C11E-417E-BC51-A38D371BFA78}.Debug|Any CPU.Build.0 = Debug|Any CPU
		{561262E9-C11E-417E-BC51-A38D371BFA78}.Release|Any CPU.ActiveCfg = Release|Any CPU
		{561262E9-C11E-417E-BC51-A38D371BFA78}.Release|Any CPU.Build.0 = Release|Any CPU
	EndGlobalSection
	GlobalSection(SolutionProperties) = preSolution
		HideSolutionNode = FALSE
	EndGlobalSection
	GlobalSection(ExtensibilityGlobals) = postSolution
		SolutionGuid = {67364D18-499F-4157-A633-3E5FB4E8E3E6}
	EndGlobalSection
EndGlobal
