
Microsoft Visual Studio Solution File, Format Version 12.00
# Visual Studio Version 17
VisualStudioVersion = 17.7.34031.279
MinimumVisualStudioVersion = 10.0.40219.1
Project("{FAE04EC0-301F-11D3-BF4B-00C04F79EFBC}") = "Listbox", "Listbox\Listbox.csproj", "{FB5749B0-BFAB-46D7-A9DF-BEF6F4E43D83}"
EndProject
Global
	GlobalSection(SolutionConfigurationPlatforms) = preSolution
		Debug|Any CPU = Debug|Any CPU
		Release|Any CPU = Release|Any CPU
	EndGlobalSection
	GlobalSection(ProjectConfigurationPlatforms) = postSolution
		{FB5749B0-BFAB-46D7-A9DF-BEF6F4E43D83}.Debug|Any CPU.ActiveCfg = Debug|Any CPU
		{FB5749B0-BFAB-46D7-A9DF-BEF6F4E43D83}.Debug|Any CPU.Build.0 = Debug|Any CPU
		{FB5749B0-BFAB-46D7-A9DF-BEF6F4E43D83}.Release|Any CPU.ActiveCfg = Release|Any CPU
		{FB5749B0-BFAB-46D7-A9DF-BEF6F4E43D83}.Release|Any CPU.Build.0 = Release|Any CPU
	EndGlobalSection
	GlobalSection(SolutionProperties) = preSolution
		HideSolutionNode = FALSE
	EndGlobalSection
	GlobalSection(ExtensibilityGlobals) = postSolution
		SolutionGuid = {FD45CD5D-B5C7-491D-B224-28138BEFF60B}
	EndGlobalSection
EndGlobal
