
Microsoft Visual Studio Solution File, Format Version 12.00
# Visual Studio Version 17
VisualStudioVersion = 17.6.33829.357
MinimumVisualStudioVersion = 10.0.40219.1
Project("{FAE04EC0-301F-11D3-BF4B-00C04F79EFBC}") = "11_ArithmaticOnTwoArray", "11_ArithmaticOnTwoArray\11_ArithmaticOnTwoArray.csproj", "{B0F11F3B-F601-473E-99E8-DD505C85E6AD}"
EndProject
Global
	GlobalSection(SolutionConfigurationPlatforms) = preSolution
		Debug|Any CPU = Debug|Any CPU
		Release|Any CPU = Release|Any CPU
	EndGlobalSection
	GlobalSection(ProjectConfigurationPlatforms) = postSolution
		{B0F11F3B-F601-473E-99E8-DD505C85E6AD}.Debug|Any CPU.ActiveCfg = Debug|Any CPU
		{B0F11F3B-F601-473E-99E8-DD505C85E6AD}.Debug|Any CPU.Build.0 = Debug|Any CPU
		{B0F11F3B-F601-473E-99E8-DD505C85E6AD}.Release|Any CPU.ActiveCfg = Release|Any CPU
		{B0F11F3B-F601-473E-99E8-DD505C85E6AD}.Release|Any CPU.Build.0 = Release|Any CPU
	EndGlobalSection
	GlobalSection(SolutionProperties) = preSolution
		HideSolutionNode = FALSE
	EndGlobalSection
	GlobalSection(ExtensibilityGlobals) = postSolution
		SolutionGuid = {5C458744-5689-41A2-A276-60BAB0583F78}
	EndGlobalSection
EndGlobal
