
Microsoft Visual Studio Solution File, Format Version 12.00
# Visual Studio Version 17
VisualStudioVersion = 17.6.33829.357
MinimumVisualStudioVersion = 10.0.40219.1
Project("{FAE04EC0-301F-11D3-BF4B-00C04F79EFBC}") = "6_MethodOverloading", "6_MethodOverloading\6_MethodOverloading.csproj", "{99452E0F-7014-42C0-B0C9-E8291C185B29}"
EndProject
Global
	GlobalSection(SolutionConfigurationPlatforms) = preSolution
		Debug|Any CPU = Debug|Any CPU
		Release|Any CPU = Release|Any CPU
	EndGlobalSection
	GlobalSection(ProjectConfigurationPlatforms) = postSolution
		{99452E0F-7014-42C0-B0C9-E8291C185B29}.Debug|Any CPU.ActiveCfg = Debug|Any CPU
		{99452E0F-7014-42C0-B0C9-E8291C185B29}.Debug|Any CPU.Build.0 = Debug|Any CPU
		{99452E0F-7014-42C0-B0C9-E8291C185B29}.Release|Any CPU.ActiveCfg = Release|Any CPU
		{99452E0F-7014-42C0-B0C9-E8291C185B29}.Release|Any CPU.Build.0 = Release|Any CPU
	EndGlobalSection
	GlobalSection(SolutionProperties) = preSolution
		HideSolutionNode = FALSE
	EndGlobalSection
	GlobalSection(ExtensibilityGlobals) = postSolution
		SolutionGuid = {6539CBFF-C66B-47F8-ACDA-3F1B71ECC169}
	EndGlobalSection
EndGlobal
