
Microsoft Visual Studio Solution File, Format Version 12.00
# Visual Studio Version 17
VisualStudioVersion = 17.6.33829.357
MinimumVisualStudioVersion = 10.0.40219.1
Project("{FAE04EC0-301F-11D3-BF4B-00C04F79EFBC}") = "3_Method", "3_Method\3_Method.csproj", "{C913A65B-B013-45DA-A7B7-DD602D64BF67}"
EndProject
Global
	GlobalSection(SolutionConfigurationPlatforms) = preSolution
		Debug|Any CPU = Debug|Any CPU
		Release|Any CPU = Release|Any CPU
	EndGlobalSection
	GlobalSection(ProjectConfigurationPlatforms) = postSolution
		{C913A65B-B013-45DA-A7B7-DD602D64BF67}.Debug|Any CPU.ActiveCfg = Debug|Any CPU
		{C913A65B-B013-45DA-A7B7-DD602D64BF67}.Debug|Any CPU.Build.0 = Debug|Any CPU
		{C913A65B-B013-45DA-A7B7-DD602D64BF67}.Release|Any CPU.ActiveCfg = Release|Any CPU
		{C913A65B-B013-45DA-A7B7-DD602D64BF67}.Release|Any CPU.Build.0 = Release|Any CPU
	EndGlobalSection
	GlobalSection(SolutionProperties) = preSolution
		HideSolutionNode = FALSE
	EndGlobalSection
	GlobalSection(ExtensibilityGlobals) = postSolution
		SolutionGuid = {168F7866-DDC2-4748-BAB2-B3CCF0F28887}
	EndGlobalSection
EndGlobal
