
Microsoft Visual Studio Solution File, Format Version 12.00
# Visual Studio Version 17
VisualStudioVersion = 17.7.34221.43
MinimumVisualStudioVersion = 10.0.40219.1
Project("{FAE04EC0-301F-11D3-BF4B-00C04F79EFBC}") = "2_DataTypePractice", "2_DataTypePractice\2_DataTypePractice.csproj", "{2100FC7D-FF8F-410A-BBAF-EBA418DB2D96}"
EndProject
Global
	GlobalSection(SolutionConfigurationPlatforms) = preSolution
		Debug|Any CPU = Debug|Any CPU
		Release|Any CPU = Release|Any CPU
	EndGlobalSection
	GlobalSection(ProjectConfigurationPlatforms) = postSolution
		{2100FC7D-FF8F-410A-BBAF-EBA418DB2D96}.Debug|Any CPU.ActiveCfg = Debug|Any CPU
		{2100FC7D-FF8F-410A-BBAF-EBA418DB2D96}.Debug|Any CPU.Build.0 = Debug|Any CPU
		{2100FC7D-FF8F-410A-BBAF-EBA418DB2D96}.Release|Any CPU.ActiveCfg = Release|Any CPU
		{2100FC7D-FF8F-410A-BBAF-EBA418DB2D96}.Release|Any CPU.Build.0 = Release|Any CPU
	EndGlobalSection
	GlobalSection(SolutionProperties) = preSolution
		HideSolutionNode = FALSE
	EndGlobalSection
	GlobalSection(ExtensibilityGlobals) = postSolution
		SolutionGuid = {2FF63AE7-33F9-489F-B5F2-2919A09BCA4E}
	EndGlobalSection
EndGlobal
