
Microsoft Visual Studio Solution File, Format Version 12.00
# Visual Studio Version 17
VisualStudioVersion = 17.6.33829.357
MinimumVisualStudioVersion = 10.0.40219.1
Project("{FAE04EC0-301F-11D3-BF4B-00C04F79EFBC}") = "7_Constructor Overloading", "7_Constructor Overloading\7_Constructor Overloading.csproj", "{E94675BE-D1EB-4CB5-A68D-F0DF9A65937C}"
EndProject
Global
	GlobalSection(SolutionConfigurationPlatforms) = preSolution
		Debug|Any CPU = Debug|Any CPU
		Release|Any CPU = Release|Any CPU
	EndGlobalSection
	GlobalSection(ProjectConfigurationPlatforms) = postSolution
		{E94675BE-D1EB-4CB5-A68D-F0DF9A65937C}.Debug|Any CPU.ActiveCfg = Debug|Any CPU
		{E94675BE-D1EB-4CB5-A68D-F0DF9A65937C}.Debug|Any CPU.Build.0 = Debug|Any CPU
		{E94675BE-D1EB-4CB5-A68D-F0DF9A65937C}.Release|Any CPU.ActiveCfg = Release|Any CPU
		{E94675BE-D1EB-4CB5-A68D-F0DF9A65937C}.Release|Any CPU.Build.0 = Release|Any CPU
	EndGlobalSection
	GlobalSection(SolutionProperties) = preSolution
		HideSolutionNode = FALSE
	EndGlobalSection
	GlobalSection(ExtensibilityGlobals) = postSolution
		SolutionGuid = {6290A765-D5C4-4800-A4DC-02813503D793}
	EndGlobalSection
EndGlobal
