
Microsoft Visual Studio Solution File, Format Version 12.00
# Visual Studio Version 17
VisualStudioVersion = 17.7.34031.279
MinimumVisualStudioVersion = 10.0.40219.1
Project("{FAE04EC0-301F-11D3-BF4B-00C04F79EFBC}") = "ValidatorPractice", "ValidatorPractice\ValidatorPractice.csproj", "{263DE4B8-5874-4A6D-9637-5E60FF2858F6}"
EndProject
Global
	GlobalSection(SolutionConfigurationPlatforms) = preSolution
		Debug|Any CPU = Debug|Any CPU
		Release|Any CPU = Release|Any CPU
	EndGlobalSection
	GlobalSection(ProjectConfigurationPlatforms) = postSolution
		{263DE4B8-5874-4A6D-9637-5E60FF2858F6}.Debug|Any CPU.ActiveCfg = Debug|Any CPU
		{263DE4B8-5874-4A6D-9637-5E60FF2858F6}.Debug|Any CPU.Build.0 = Debug|Any CPU
		{263DE4B8-5874-4A6D-9637-5E60FF2858F6}.Release|Any CPU.ActiveCfg = Release|Any CPU
		{263DE4B8-5874-4A6D-9637-5E60FF2858F6}.Release|Any CPU.Build.0 = Release|Any CPU
	EndGlobalSection
	GlobalSection(SolutionProperties) = preSolution
		HideSolutionNode = FALSE
	EndGlobalSection
	GlobalSection(ExtensibilityGlobals) = postSolution
		SolutionGuid = {3A53AFCD-E1A9-4062-810C-100DE1488E73}
	EndGlobalSection
EndGlobal
