
Microsoft Visual Studio Solution File, Format Version 12.00
# Visual Studio Version 17
VisualStudioVersion = 17.6.33829.357
MinimumVisualStudioVersion = 10.0.40219.1
Project("{FAE04EC0-301F-11D3-BF4B-00C04F79EFBC}") = "5_Fibonacci1to100", "5_Fibonacci1to100\5_Fibonacci1to100.csproj", "{441E9670-42AB-4F61-8F0C-925719FF9694}"
EndProject
Global
	GlobalSection(SolutionConfigurationPlatforms) = preSolution
		Debug|Any CPU = Debug|Any CPU
		Release|Any CPU = Release|Any CPU
	EndGlobalSection
	GlobalSection(ProjectConfigurationPlatforms) = postSolution
		{441E9670-42AB-4F61-8F0C-925719FF9694}.Debug|Any CPU.ActiveCfg = Debug|Any CPU
		{441E9670-42AB-4F61-8F0C-925719FF9694}.Debug|Any CPU.Build.0 = Debug|Any CPU
		{441E9670-42AB-4F61-8F0C-925719FF9694}.Release|Any CPU.ActiveCfg = Release|Any CPU
		{441E9670-42AB-4F61-8F0C-925719FF9694}.Release|Any CPU.Build.0 = Release|Any CPU
	EndGlobalSection
	GlobalSection(SolutionProperties) = preSolution
		HideSolutionNode = FALSE
	EndGlobalSection
	GlobalSection(ExtensibilityGlobals) = postSolution
		SolutionGuid = {6DF79E7B-2F79-4F9B-AB2B-7CF537CC2E3D}
	EndGlobalSection
EndGlobal
