
Microsoft Visual Studio Solution File, Format Version 12.00
# Visual Studio Version 17
VisualStudioVersion = 17.7.34031.279
MinimumVisualStudioVersion = 10.0.40219.1
Project("{FAE04EC0-301F-11D3-BF4B-00C04F79EFBC}") = "CascadingDropdownList", "CascadingDropdownList\CascadingDropdownList.csproj", "{B52272EA-3745-4A70-9CB7-69EF5EA71DBC}"
EndProject
Global
	GlobalSection(SolutionConfigurationPlatforms) = preSolution
		Debug|Any CPU = Debug|Any CPU
		Release|Any CPU = Release|Any CPU
	EndGlobalSection
	GlobalSection(ProjectConfigurationPlatforms) = postSolution
		{B52272EA-3745-4A70-9CB7-69EF5EA71DBC}.Debug|Any CPU.ActiveCfg = Debug|Any CPU
		{B52272EA-3745-4A70-9CB7-69EF5EA71DBC}.Debug|Any CPU.Build.0 = Debug|Any CPU
		{B52272EA-3745-4A70-9CB7-69EF5EA71DBC}.Release|Any CPU.ActiveCfg = Release|Any CPU
		{B52272EA-3745-4A70-9CB7-69EF5EA71DBC}.Release|Any CPU.Build.0 = Release|Any CPU
	EndGlobalSection
	GlobalSection(SolutionProperties) = preSolution
		HideSolutionNode = FALSE
	EndGlobalSection
	GlobalSection(ExtensibilityGlobals) = postSolution
		SolutionGuid = {B3997264-E5EA-4893-8F7B-12407C9C9641}
	EndGlobalSection
EndGlobal
