
Microsoft Visual Studio Solution File, Format Version 12.00
# Visual Studio Version 17
VisualStudioVersion = 17.6.33829.357
MinimumVisualStudioVersion = 10.0.40219.1
Project("{FAE04EC0-301F-11D3-BF4B-00C04F79EFBC}") = "5_SortedList", "5_SortedList\5_SortedList.csproj", "{992CCC8E-280D-40FB-BDD9-CEFE851BBE94}"
EndProject
Global
	GlobalSection(SolutionConfigurationPlatforms) = preSolution
		Debug|Any CPU = Debug|Any CPU
		Release|Any CPU = Release|Any CPU
	EndGlobalSection
	GlobalSection(ProjectConfigurationPlatforms) = postSolution
		{992CCC8E-280D-40FB-BDD9-CEFE851BBE94}.Debug|Any CPU.ActiveCfg = Debug|Any CPU
		{992CCC8E-280D-40FB-BDD9-CEFE851BBE94}.Debug|Any CPU.Build.0 = Debug|Any CPU
		{992CCC8E-280D-40FB-BDD9-CEFE851BBE94}.Release|Any CPU.ActiveCfg = Release|Any CPU
		{992CCC8E-280D-40FB-BDD9-CEFE851BBE94}.Release|Any CPU.Build.0 = Release|Any CPU
	EndGlobalSection
	GlobalSection(SolutionProperties) = preSolution
		HideSolutionNode = FALSE
	EndGlobalSection
	GlobalSection(ExtensibilityGlobals) = postSolution
		SolutionGuid = {1A49832D-7EE7-4EB9-B7EA-5224EB4B4F57}
	EndGlobalSection
EndGlobal
