
Microsoft Visual Studio Solution File, Format Version 12.00
# Visual Studio Version 17
VisualStudioVersion = 17.6.33829.357
MinimumVisualStudioVersion = 10.0.40219.1
Project("{FAE04EC0-301F-11D3-BF4B-00C04F79EFBC}") = "1_AbstractClass", "1_AbstractClass\1_AbstractClass.csproj", "{88B0A835-D695-4D2F-9E5C-0C7EE8A18F4B}"
EndProject
Global
	GlobalSection(SolutionConfigurationPlatforms) = preSolution
		Debug|Any CPU = Debug|Any CPU
		Release|Any CPU = Release|Any CPU
	EndGlobalSection
	GlobalSection(ProjectConfigurationPlatforms) = postSolution
		{88B0A835-D695-4D2F-9E5C-0C7EE8A18F4B}.Debug|Any CPU.ActiveCfg = Debug|Any CPU
		{88B0A835-D695-4D2F-9E5C-0C7EE8A18F4B}.Debug|Any CPU.Build.0 = Debug|Any CPU
		{88B0A835-D695-4D2F-9E5C-0C7EE8A18F4B}.Release|Any CPU.ActiveCfg = Release|Any CPU
		{88B0A835-D695-4D2F-9E5C-0C7EE8A18F4B}.Release|Any CPU.Build.0 = Release|Any CPU
	EndGlobalSection
	GlobalSection(SolutionProperties) = preSolution
		HideSolutionNode = FALSE
	EndGlobalSection
	GlobalSection(ExtensibilityGlobals) = postSolution
		SolutionGuid = {62F0E5E8-5705-422D-A878-D190921F7AD0}
	EndGlobalSection
EndGlobal
