
Microsoft Visual Studio Solution File, Format Version 12.00
# Visual Studio Version 17
VisualStudioVersion = 17.6.33829.357
MinimumVisualStudioVersion = 10.0.40219.1
Project("{FAE04EC0-301F-11D3-BF4B-00C04F79EFBC}") = "9_PassingReferenceTypeVariable", "9_PassingReferenceTypeVariable\9_PassingReferenceTypeVariable.csproj", "{4390D9BD-1461-4B73-92C1-41582BA97EDC}"
EndProject
Global
	GlobalSection(SolutionConfigurationPlatforms) = preSolution
		Debug|Any CPU = Debug|Any CPU
		Release|Any CPU = Release|Any CPU
	EndGlobalSection
	GlobalSection(ProjectConfigurationPlatforms) = postSolution
		{4390D9BD-1461-4B73-92C1-41582BA97EDC}.Debug|Any CPU.ActiveCfg = Debug|Any CPU
		{4390D9BD-1461-4B73-92C1-41582BA97EDC}.Debug|Any CPU.Build.0 = Debug|Any CPU
		{4390D9BD-1461-4B73-92C1-41582BA97EDC}.Release|Any CPU.ActiveCfg = Release|Any CPU
		{4390D9BD-1461-4B73-92C1-41582BA97EDC}.Release|Any CPU.Build.0 = Release|Any CPU
	EndGlobalSection
	GlobalSection(SolutionProperties) = preSolution
		HideSolutionNode = FALSE
	EndGlobalSection
	GlobalSection(ExtensibilityGlobals) = postSolution
		SolutionGuid = {0C53644F-E7E0-4A57-84AB-EE205094EC1A}
	EndGlobalSection
EndGlobal
