
Microsoft Visual Studio Solution File, Format Version 12.00
# Visual Studio Version 17
VisualStudioVersion = 17.6.33829.357
MinimumVisualStudioVersion = 10.0.40219.1
Project("{FAE04EC0-301F-11D3-BF4B-00C04F79EFBC}") = "1_PrimeNo", "1_PrimeNo\1_PrimeNo.csproj", "{3C6A15D6-42A7-41FA-BF86-782F3F6FDCD2}"
EndProject
Global
	GlobalSection(SolutionConfigurationPlatforms) = preSolution
		Debug|Any CPU = Debug|Any CPU
		Release|Any CPU = Release|Any CPU
	EndGlobalSection
	GlobalSection(ProjectConfigurationPlatforms) = postSolution
		{3C6A15D6-42A7-41FA-BF86-782F3F6FDCD2}.Debug|Any CPU.ActiveCfg = Debug|Any CPU
		{3C6A15D6-42A7-41FA-BF86-782F3F6FDCD2}.Debug|Any CPU.Build.0 = Debug|Any CPU
		{3C6A15D6-42A7-41FA-BF86-782F3F6FDCD2}.Release|Any CPU.ActiveCfg = Release|Any CPU
		{3C6A15D6-42A7-41FA-BF86-782F3F6FDCD2}.Release|Any CPU.Build.0 = Release|Any CPU
	EndGlobalSection
	GlobalSection(SolutionProperties) = preSolution
		HideSolutionNode = FALSE
	EndGlobalSection
	GlobalSection(ExtensibilityGlobals) = postSolution
		SolutionGuid = {D82A3945-6C8B-4661-9BF3-43E16FED18DA}
	EndGlobalSection
EndGlobal
